
Microsoft Visual Studio Solution File, Format Version 12.00
# Visual Studio Version 17
VisualStudioVersion = 17.12.35521.163
MinimumVisualStudioVersion = 10.0.40219.1
Project("{FAE04EC0-301F-11D3-BF4B-00C04F79EFBC}") = "Yam.AppHost", "Yam.AppHost\Yam.AppHost.csproj", "{AB8C7636-1560-43E9-A538-92D7748B5315}"
EndProject
Project("{FAE04EC0-301F-11D3-BF4B-00C04F79EFBC}") = "Yam.AuthService", "Yam.AuthService\Yam.AuthService.csproj", "{4212695C-8BDC-40ED-83E3-7B29A2ED8F9E}"
EndProject
Project("{FAE04EC0-301F-11D3-BF4B-00C04F79EFBC}") = "Yam.NotificationService", "Yam.NotificationService\Yam.NotificationService.csproj", "{4B856ABB-87CF-457A-9375-8D3A8A7A6393}"
EndProject
Project("{FAE04EC0-301F-11D3-BF4B-00C04F79EFBC}") = "Yam.Core", "Yam.Core\Yam.Core.csproj", "{02071FD3-92EC-48B9-88A1-0F302CE60FE8}"
EndProject
Project("{FAE04EC0-301F-11D3-BF4B-00C04F79EFBC}") = "Yam.NotificationService.Core", "Yam.NotificationService.Core\Yam.NotificationService.Core.csproj", "{797D066F-34A9-4153-93E8-710ED33704BA}"
EndProject
Project("{FAE04EC0-301F-11D3-BF4B-00C04F79EFBC}") = "Yam.AuthService.Core", "Yam.AuthService.Core\Yam.AuthService.Core.csproj", "{2F022B03-A778-4EAA-83BB-7A4C70F98156}"
EndProject
Project("{FAE04EC0-301F-11D3-BF4B-00C04F79EFBC}") = "PostService", "PostService\PostService.csproj", "{81596200-527A-44AB-9912-8B0DC7DA8513}"
EndProject
Project("{FAE04EC0-301F-11D3-BF4B-00C04F79EFBC}") = "PostService.Core", "PostService.Core\PostService.Core.csproj", "{6BBAF697-1417-4107-999C-2FAE05E4659B}"
EndProject
Project("{FAE04EC0-301F-11D3-BF4B-00C04F79EFBC}") = "CommunityService.Core", "CommunityService.Core\CommunityService.Core.csproj", "{E73894A1-321A-4B91-B59A-5D9E7F89D8C7}"
EndProject
Project("{FAE04EC0-301F-11D3-BF4B-00C04F79EFBC}") = "CommunityService", "CommunityService\CommunityService.csproj", "{A8901D58-03AB-41DC-BB05-8BBDB0398029}"
EndProject
Project("{FAE04EC0-301F-11D3-BF4B-00C04F79EFBC}") = "CommunityService.Infrastructure", "CommunityService.Infrastructure\CommunityService.Infrastructure.csproj", "{1692FD86-F116-4A35-AB49-F2099FF823A5}"
EndProject
Project("{2150E333-8FDC-42A3-9474-1A3956D46DE8}") = "CommunitySeriveFolder", "CommunitySeriveFolder", "{D7132285-222D-4009-B376-43D0B6F9C04D}"
EndProject
Project("{2150E333-8FDC-42A3-9474-1A3956D46DE8}") = "AuthServiceFolder", "AuthServiceFolder", "{F3C5DCD0-C191-4BBD-A21F-A103EAA6B902}"
EndProject
Project("{2150E333-8FDC-42A3-9474-1A3956D46DE8}") = "PostServiceFolder", "PostServiceFolder", "{DEA7BFD9-98D4-4865-A121-50D2BBDEE5F6}"
EndProject
Project("{2150E333-8FDC-42A3-9474-1A3956D46DE8}") = "NotificationServiceFolder", "NotificationServiceFolder", "{98709805-2EE4-4D13-A8F1-BC56AEF588DF}"
EndProject
Project("{FAE04EC0-301F-11D3-BF4B-00C04F79EFBC}") = "PostService.Infrastructure", "PostService.Infrastructure\PostService.Infrastructure.csproj", "{B1AACE3A-B88A-4390-A957-24F9588E2C3C}"
EndProject
Global
	GlobalSection(SolutionConfigurationPlatforms) = preSolution
		Debug|Any CPU = Debug|Any CPU
		Release|Any CPU = Release|Any CPU
	EndGlobalSection
	GlobalSection(ProjectConfigurationPlatforms) = postSolution
		{AB8C7636-1560-43E9-A538-92D7748B5315}.Debug|Any CPU.ActiveCfg = Debug|Any CPU
		{AB8C7636-1560-43E9-A538-92D7748B5315}.Debug|Any CPU.Build.0 = Debug|Any CPU
		{AB8C7636-1560-43E9-A538-92D7748B5315}.Release|Any CPU.ActiveCfg = Release|Any CPU
		{AB8C7636-1560-43E9-A538-92D7748B5315}.Release|Any CPU.Build.0 = Release|Any CPU
		{4212695C-8BDC-40ED-83E3-7B29A2ED8F9E}.Debug|Any CPU.ActiveCfg = Debug|Any CPU
		{4212695C-8BDC-40ED-83E3-7B29A2ED8F9E}.Debug|Any CPU.Build.0 = Debug|Any CPU
		{4212695C-8BDC-40ED-83E3-7B29A2ED8F9E}.Release|Any CPU.ActiveCfg = Release|Any CPU
		{4212695C-8BDC-40ED-83E3-7B29A2ED8F9E}.Release|Any CPU.Build.0 = Release|Any CPU
		{4B856ABB-87CF-457A-9375-8D3A8A7A6393}.Debug|Any CPU.ActiveCfg = Debug|Any CPU
		{4B856ABB-87CF-457A-9375-8D3A8A7A6393}.Debug|Any CPU.Build.0 = Debug|Any CPU
		{4B856ABB-87CF-457A-9375-8D3A8A7A6393}.Release|Any CPU.ActiveCfg = Release|Any CPU
		{4B856ABB-87CF-457A-9375-8D3A8A7A6393}.Release|Any CPU.Build.0 = Release|Any CPU
		{02071FD3-92EC-48B9-88A1-0F302CE60FE8}.Debug|Any CPU.ActiveCfg = Debug|Any CPU
		{02071FD3-92EC-48B9-88A1-0F302CE60FE8}.Debug|Any CPU.Build.0 = Debug|Any CPU
		{02071FD3-92EC-48B9-88A1-0F302CE60FE8}.Release|Any CPU.ActiveCfg = Release|Any CPU
		{02071FD3-92EC-48B9-88A1-0F302CE60FE8}.Release|Any CPU.Build.0 = Release|Any CPU
		{797D066F-34A9-4153-93E8-710ED33704BA}.Debug|Any CPU.ActiveCfg = Debug|Any CPU
		{797D066F-34A9-4153-93E8-710ED33704BA}.Debug|Any CPU.Build.0 = Debug|Any CPU
		{797D066F-34A9-4153-93E8-710ED33704BA}.Release|Any CPU.ActiveCfg = Release|Any CPU
		{797D066F-34A9-4153-93E8-710ED33704BA}.Release|Any CPU.Build.0 = Release|Any CPU
		{2F022B03-A778-4EAA-83BB-7A4C70F98156}.Debug|Any CPU.ActiveCfg = Debug|Any CPU
		{2F022B03-A778-4EAA-83BB-7A4C70F98156}.Debug|Any CPU.Build.0 = Debug|Any CPU
		{2F022B03-A778-4EAA-83BB-7A4C70F98156}.Release|Any CPU.ActiveCfg = Release|Any CPU
		{2F022B03-A778-4EAA-83BB-7A4C70F98156}.Release|Any CPU.Build.0 = Release|Any CPU
		{81596200-527A-44AB-9912-8B0DC7DA8513}.Debug|Any CPU.ActiveCfg = Debug|Any CPU
		{81596200-527A-44AB-9912-8B0DC7DA8513}.Debug|Any CPU.Build.0 = Debug|Any CPU
		{81596200-527A-44AB-9912-8B0DC7DA8513}.Release|Any CPU.ActiveCfg = Release|Any CPU
		{81596200-527A-44AB-9912-8B0DC7DA8513}.Release|Any CPU.Build.0 = Release|Any CPU
		{6BBAF697-1417-4107-999C-2FAE05E4659B}.Debug|Any CPU.ActiveCfg = Debug|Any CPU
		{6BBAF697-1417-4107-999C-2FAE05E4659B}.Debug|Any CPU.Build.0 = Debug|Any CPU
		{6BBAF697-1417-4107-999C-2FAE05E4659B}.Release|Any CPU.ActiveCfg = Release|Any CPU
		{6BBAF697-1417-4107-999C-2FAE05E4659B}.Release|Any CPU.Build.0 = Release|Any CPU
		{E73894A1-321A-4B91-B59A-5D9E7F89D8C7}.Debug|Any CPU.ActiveCfg = Debug|Any CPU
		{E73894A1-321A-4B91-B59A-5D9E7F89D8C7}.Debug|Any CPU.Build.0 = Debug|Any CPU
		{E73894A1-321A-4B91-B59A-5D9E7F89D8C7}.Release|Any CPU.ActiveCfg = Release|Any CPU
		{E73894A1-321A-4B91-B59A-5D9E7F89D8C7}.Release|Any CPU.Build.0 = Release|Any CPU
		{A8901D58-03AB-41DC-BB05-8BBDB0398029}.Debug|Any CPU.ActiveCfg = Debug|Any CPU
		{A8901D58-03AB-41DC-BB05-8BBDB0398029}.Debug|Any CPU.Build.0 = Debug|Any CPU
		{A8901D58-03AB-41DC-BB05-8BBDB0398029}.Release|Any CPU.ActiveCfg = Release|Any CPU
		{A8901D58-03AB-41DC-BB05-8BBDB0398029}.Release|Any CPU.Build.0 = Release|Any CPU
		{1692FD86-F116-4A35-AB49-F2099FF823A5}.Debug|Any CPU.ActiveCfg = Debug|Any CPU
		{1692FD86-F116-4A35-AB49-F2099FF823A5}.Debug|Any CPU.Build.0 = Debug|Any CPU
		{1692FD86-F116-4A35-AB49-F2099FF823A5}.Release|Any CPU.ActiveCfg = Release|Any CPU
		{1692FD86-F116-4A35-AB49-F2099FF823A5}.Release|Any CPU.Build.0 = Release|Any CPU
		{B1AACE3A-B88A-4390-A957-24F9588E2C3C}.Debug|Any CPU.ActiveCfg = Debug|Any CPU
		{B1AACE3A-B88A-4390-A957-24F9588E2C3C}.Debug|Any CPU.Build.0 = Debug|Any CPU
		{B1AACE3A-B88A-4390-A957-24F9588E2C3C}.Release|Any CPU.ActiveCfg = Release|Any CPU
		{B1AACE3A-B88A-4390-A957-24F9588E2C3C}.Release|Any CPU.Build.0 = Release|Any CPU
	EndGlobalSection
	GlobalSection(SolutionProperties) = preSolution
		HideSolutionNode = FALSE
	EndGlobalSection
	GlobalSection(NestedProjects) = preSolution
		{4212695C-8BDC-40ED-83E3-7B29A2ED8F9E} = {F3C5DCD0-C191-4BBD-A21F-A103EAA6B902}
		{4B856ABB-87CF-457A-9375-8D3A8A7A6393} = {98709805-2EE4-4D13-A8F1-BC56AEF588DF}
		{797D066F-34A9-4153-93E8-710ED33704BA} = {98709805-2EE4-4D13-A8F1-BC56AEF588DF}
		{2F022B03-A778-4EAA-83BB-7A4C70F98156} = {F3C5DCD0-C191-4BBD-A21F-A103EAA6B902}
		{81596200-527A-44AB-9912-8B0DC7DA8513} = {DEA7BFD9-98D4-4865-A121-50D2BBDEE5F6}
		{6BBAF697-1417-4107-999C-2FAE05E4659B} = {DEA7BFD9-98D4-4865-A121-50D2BBDEE5F6}
		{E73894A1-321A-4B91-B59A-5D9E7F89D8C7} = {D7132285-222D-4009-B376-43D0B6F9C04D}
		{A8901D58-03AB-41DC-BB05-8BBDB0398029} = {D7132285-222D-4009-B376-43D0B6F9C04D}
		{1692FD86-F116-4A35-AB49-F2099FF823A5} = {D7132285-222D-4009-B376-43D0B6F9C04D}
		{B1AACE3A-B88A-4390-A957-24F9588E2C3C} = {DEA7BFD9-98D4-4865-A121-50D2BBDEE5F6}
	EndGlobalSection
EndGlobal
